
Microsoft Visual Studio Solution File, Format Version 12.00
# Visual Studio Version 17
VisualStudioVersion = 17.7.34202.233
MinimumVisualStudioVersion = 10.0.40219.1
Project("{FAE04EC0-301F-11D3-BF4B-00C04F79EFBC}") = "ClockProject2", "ClockProject2.csproj", "{620EF0ED-DE9A-4B04-AD6B-9F9598144689}"
EndProject
Project("{FAE04EC0-301F-11D3-BF4B-00C04F79EFBC}") = "TestsForClockProject2", "..\TestsForClockProject2\TestsForClockProject2.csproj", "{5C1411B9-0BCC-47C6-8468-D97466D0FF24}"
EndProject
Global
	GlobalSection(SolutionConfigurationPlatforms) = preSolution
		Debug|Any CPU = Debug|Any CPU
		Release|Any CPU = Release|Any CPU
	EndGlobalSection
	GlobalSection(ProjectConfigurationPlatforms) = postSolution
		{620EF0ED-DE9A-4B04-AD6B-9F9598144689}.Debug|Any CPU.ActiveCfg = Debug|Any CPU
		{620EF0ED-DE9A-4B04-AD6B-9F9598144689}.Debug|Any CPU.Build.0 = Debug|Any CPU
		{620EF0ED-DE9A-4B04-AD6B-9F9598144689}.Release|Any CPU.ActiveCfg = Release|Any CPU
		{620EF0ED-DE9A-4B04-AD6B-9F9598144689}.Release|Any CPU.Build.0 = Release|Any CPU
		{5C1411B9-0BCC-47C6-8468-D97466D0FF24}.Debug|Any CPU.ActiveCfg = Debug|Any CPU
		{5C1411B9-0BCC-47C6-8468-D97466D0FF24}.Debug|Any CPU.Build.0 = Debug|Any CPU
		{5C1411B9-0BCC-47C6-8468-D97466D0FF24}.Release|Any CPU.ActiveCfg = Release|Any CPU
		{5C1411B9-0BCC-47C6-8468-D97466D0FF24}.Release|Any CPU.Build.0 = Release|Any CPU
	EndGlobalSection
	GlobalSection(SolutionProperties) = preSolution
		HideSolutionNode = FALSE
	EndGlobalSection
	GlobalSection(ExtensibilityGlobals) = postSolution
		SolutionGuid = {4FE0D03B-263C-4FE0-8C65-3934F5924A8D}
	EndGlobalSection
EndGlobal
